
Microsoft Visual Studio Solution File, Format Version 12.00
# Visual Studio Version 17
VisualStudioVersion = 17.5.002.0
MinimumVisualStudioVersion = 10.0.40219.1
Project("{9A19103F-16F7-4668-BE54-9A1E7A4F7556}") = "CLI", "CLI\CLI.csproj", "{579D28DA-0ED2-467E-9ECE-897307CC3570}"
EndProject
Project("{FAE04EC0-301F-11D3-BF4B-00C04F79EFBC}") = "Helpers", "Helpers\Helpers.csproj", "{74B2CA76-5293-40F5-82A0-6C4A7FAB4D41}"
EndProject
Project("{FAE04EC0-301F-11D3-BF4B-00C04F79EFBC}") = "Solutions", "Solutions\Solutions.csproj", "{3828755A-4645-4E5F-843C-FE7E9FA137B2}"
EndProject
Global
	GlobalSection(SolutionConfigurationPlatforms) = preSolution
		Debug|Any CPU = Debug|Any CPU
		Release|Any CPU = Release|Any CPU
	EndGlobalSection
	GlobalSection(ProjectConfigurationPlatforms) = postSolution
		{579D28DA-0ED2-467E-9ECE-897307CC3570}.Debug|Any CPU.ActiveCfg = Debug|Any CPU
		{579D28DA-0ED2-467E-9ECE-897307CC3570}.Debug|Any CPU.Build.0 = Debug|Any CPU
		{579D28DA-0ED2-467E-9ECE-897307CC3570}.Release|Any CPU.ActiveCfg = Release|Any CPU
		{579D28DA-0ED2-467E-9ECE-897307CC3570}.Release|Any CPU.Build.0 = Release|Any CPU
		{74B2CA76-5293-40F5-82A0-6C4A7FAB4D41}.Debug|Any CPU.ActiveCfg = Debug|Any CPU
		{74B2CA76-5293-40F5-82A0-6C4A7FAB4D41}.Debug|Any CPU.Build.0 = Debug|Any CPU
		{74B2CA76-5293-40F5-82A0-6C4A7FAB4D41}.Release|Any CPU.ActiveCfg = Release|Any CPU
		{74B2CA76-5293-40F5-82A0-6C4A7FAB4D41}.Release|Any CPU.Build.0 = Release|Any CPU
		{3828755A-4645-4E5F-843C-FE7E9FA137B2}.Debug|Any CPU.ActiveCfg = Debug|Any CPU
		{3828755A-4645-4E5F-843C-FE7E9FA137B2}.Debug|Any CPU.Build.0 = Debug|Any CPU
		{3828755A-4645-4E5F-843C-FE7E9FA137B2}.Release|Any CPU.ActiveCfg = Release|Any CPU
		{3828755A-4645-4E5F-843C-FE7E9FA137B2}.Release|Any CPU.Build.0 = Release|Any CPU
	EndGlobalSection
	GlobalSection(SolutionProperties) = preSolution
		HideSolutionNode = FALSE
	EndGlobalSection
	GlobalSection(ExtensibilityGlobals) = postSolution
		SolutionGuid = {9EB3B6EE-61FE-4DA1-9DD7-BC16E9F9C2B5}
	EndGlobalSection
EndGlobal
